Microsoft Visual Studio Solution File, Format Version 12.00
# Visual Studio Version 17
VisualStudioVersion = 17.5.2.0
MinimumVisualStudioVersion = 10.0.40219.1
Project("{FAE04EC0-301F-11D3-BF4B-00C04F79EFBC}") = "HeyDEAN_API", "HeyDEAN\HeyDEAN_API.csproj", "{857BE235-8039-7310-68E0-E21D146BA5A5}"
EndProject
Global
	GlobalSection(SolutionConfigurationPlatforms) = preSolution
		Debug|Any CPU = Debug|Any CPU
		Release|Any CPU = Release|Any CPU
	EndGlobalSection
	GlobalSection(ProjectConfigurationPlatforms) = postSolution
		{857BE235-8039-7310-68E0-E21D146BA5A5}.Debug|Any CPU.ActiveCfg = Debug|Any CPU
		{857BE235-8039-7310-68E0-E21D146BA5A5}.Debug|Any CPU.Build.0 = Debug|Any CPU
		{857BE235-8039-7310-68E0-E21D146BA5A5}.Release|Any CPU.ActiveCfg = Release|Any CPU
		{857BE235-8039-7310-68E0-E21D146BA5A5}.Release|Any CPU.Build.0 = Release|Any CPU
	EndGlobalSection
	GlobalSection(SolutionProperties) = preSolution
		HideSolutionNode = FALSE
	EndGlobalSection
	GlobalSection(ExtensibilityGlobals) = postSolution
		SolutionGuid = {1CF7AB6F-EBDB-495F-B064-40FFF4805E30}
	EndGlobalSection
EndGlobal
